
Microsoft Visual Studio Solution File, Format Version 12.00
# Visual Studio 15
VisualStudioVersion = 15.0.27703.2026
MinimumVisualStudioVersion = 10.0.40219.1
Project("{FAE04EC0-301F-11D3-BF4B-00C04F79EFBC}") = "Google_POM", "Google_POM\Google_POM.csproj", "{06D21A6F-2C41-48F0-9CC5-1FB6CFA0CE91}"
EndProject
Project("{FAE04EC0-301F-11D3-BF4B-00C04F79EFBC}") = "UnitTestForGoogle", "UnitTestForGoogle\UnitTestForGoogle.csproj", "{0B378011-0BA4-4418-AED8-70A99E746921}"
EndProject
Project("{FAE04EC0-301F-11D3-BF4B-00C04F79EFBC}") = "UnitTestDVA", "UnitTestDVA\UnitTestDVA.csproj", "{18E3E416-E3B8-45C4-BD2A-5248646FB8D0}"
EndProject
Global
	GlobalSection(SolutionConfigurationPlatforms) = preSolution
		Debug|Any CPU = Debug|Any CPU
		Release|Any CPU = Release|Any CPU
	EndGlobalSection
	GlobalSection(ProjectConfigurationPlatforms) = postSolution
		{06D21A6F-2C41-48F0-9CC5-1FB6CFA0CE91}.Debug|Any CPU.ActiveCfg = Debug|Any CPU
		{06D21A6F-2C41-48F0-9CC5-1FB6CFA0CE91}.Debug|Any CPU.Build.0 = Debug|Any CPU
		{06D21A6F-2C41-48F0-9CC5-1FB6CFA0CE91}.Release|Any CPU.ActiveCfg = Release|Any CPU
		{06D21A6F-2C41-48F0-9CC5-1FB6CFA0CE91}.Release|Any CPU.Build.0 = Release|Any CPU
		{0B378011-0BA4-4418-AED8-70A99E746921}.Debug|Any CPU.ActiveCfg = Debug|Any CPU
		{0B378011-0BA4-4418-AED8-70A99E746921}.Debug|Any CPU.Build.0 = Debug|Any CPU
		{0B378011-0BA4-4418-AED8-70A99E746921}.Release|Any CPU.ActiveCfg = Release|Any CPU
		{0B378011-0BA4-4418-AED8-70A99E746921}.Release|Any CPU.Build.0 = Release|Any CPU
		{18E3E416-E3B8-45C4-BD2A-5248646FB8D0}.Debug|Any CPU.ActiveCfg = Debug|Any CPU
		{18E3E416-E3B8-45C4-BD2A-5248646FB8D0}.Debug|Any CPU.Build.0 = Debug|Any CPU
		{18E3E416-E3B8-45C4-BD2A-5248646FB8D0}.Release|Any CPU.ActiveCfg = Release|Any CPU
		{18E3E416-E3B8-45C4-BD2A-5248646FB8D0}.Release|Any CPU.Build.0 = Release|Any CPU
	EndGlobalSection
	GlobalSection(SolutionProperties) = preSolution
		HideSolutionNode = FALSE
	EndGlobalSection
	GlobalSection(ExtensibilityGlobals) = postSolution
		SolutionGuid = {DEA36C0B-3280-4DB1-8F5B-D894090FC107}
	EndGlobalSection
EndGlobal
